
Microsoft Visual Studio Solution File, Format Version 12.00
# Visual Studio Version 17
VisualStudioVersion = 17.10.34928.147
MinimumVisualStudioVersion = 10.0.40219.1
Project("{9A19103F-16F7-4668-BE54-9A1E7A4F7556}") = "Api", "Api\Api.csproj", "{5A1AF83A-FE75-4B9D-97C4-99EAA5DAD16F}"
EndProject
Project("{9A19103F-16F7-4668-BE54-9A1E7A4F7556}") = "Api.Data", "Api.Data\Api.Data.csproj", "{AAC04443-C121-4F43-AC1A-E6D496AF9915}"
EndProject
Project("{9A19103F-16F7-4668-BE54-9A1E7A4F7556}") = "Api.Tests", "Api.Tests\Api.Tests.csproj", "{8A315A7C-AE9A-451E-8F74-B92EADB0AF3B}"
EndProject
Project("{9A19103F-16F7-4668-BE54-9A1E7A4F7556}") = "Api.Models", "Api.Models\Api.Models.csproj", "{BF9B140D-CF3F-4420-895B-763F9B83907A}"
EndProject
Project("{9A19103F-16F7-4668-BE54-9A1E7A4F7556}") = "Api.Exceptions", "Api.Exceptions\Api.Exceptions.csproj", "{BCE34062-54BA-4866-A28D-4AE6F559FDB7}"
EndProject
Project("{9A19103F-16F7-4668-BE54-9A1E7A4F7556}") = "Api.Utilities", "Api.Utilities\Api.Utilities.csproj", "{503ACB86-99CC-427C-AF3B-39A6798E542D}"
EndProject
Global
	GlobalSection(SolutionConfigurationPlatforms) = preSolution
		Debug|Any CPU = Debug|Any CPU
		Release|Any CPU = Release|Any CPU
	EndGlobalSection
	GlobalSection(ProjectConfigurationPlatforms) = postSolution
		{5A1AF83A-FE75-4B9D-97C4-99EAA5DAD16F}.Debug|Any CPU.ActiveCfg = Debug|Any CPU
		{5A1AF83A-FE75-4B9D-97C4-99EAA5DAD16F}.Debug|Any CPU.Build.0 = Debug|Any CPU
		{5A1AF83A-FE75-4B9D-97C4-99EAA5DAD16F}.Release|Any CPU.ActiveCfg = Release|Any CPU
		{5A1AF83A-FE75-4B9D-97C4-99EAA5DAD16F}.Release|Any CPU.Build.0 = Release|Any CPU
		{AAC04443-C121-4F43-AC1A-E6D496AF9915}.Debug|Any CPU.ActiveCfg = Debug|Any CPU
		{AAC04443-C121-4F43-AC1A-E6D496AF9915}.Debug|Any CPU.Build.0 = Debug|Any CPU
		{AAC04443-C121-4F43-AC1A-E6D496AF9915}.Release|Any CPU.ActiveCfg = Release|Any CPU
		{AAC04443-C121-4F43-AC1A-E6D496AF9915}.Release|Any CPU.Build.0 = Release|Any CPU
		{8A315A7C-AE9A-451E-8F74-B92EADB0AF3B}.Debug|Any CPU.ActiveCfg = Debug|Any CPU
		{8A315A7C-AE9A-451E-8F74-B92EADB0AF3B}.Debug|Any CPU.Build.0 = Debug|Any CPU
		{8A315A7C-AE9A-451E-8F74-B92EADB0AF3B}.Release|Any CPU.ActiveCfg = Release|Any CPU
		{8A315A7C-AE9A-451E-8F74-B92EADB0AF3B}.Release|Any CPU.Build.0 = Release|Any CPU
		{BF9B140D-CF3F-4420-895B-763F9B83907A}.Debug|Any CPU.ActiveCfg = Debug|Any CPU
		{BF9B140D-CF3F-4420-895B-763F9B83907A}.Debug|Any CPU.Build.0 = Debug|Any CPU
		{BF9B140D-CF3F-4420-895B-763F9B83907A}.Release|Any CPU.ActiveCfg = Release|Any CPU
		{BF9B140D-CF3F-4420-895B-763F9B83907A}.Release|Any CPU.Build.0 = Release|Any CPU
		{BCE34062-54BA-4866-A28D-4AE6F559FDB7}.Debug|Any CPU.ActiveCfg = Debug|Any CPU
		{BCE34062-54BA-4866-A28D-4AE6F559FDB7}.Debug|Any CPU.Build.0 = Debug|Any CPU
		{BCE34062-54BA-4866-A28D-4AE6F559FDB7}.Release|Any CPU.ActiveCfg = Release|Any CPU
		{BCE34062-54BA-4866-A28D-4AE6F559FDB7}.Release|Any CPU.Build.0 = Release|Any CPU
		{503ACB86-99CC-427C-AF3B-39A6798E542D}.Debug|Any CPU.ActiveCfg = Debug|Any CPU
		{503ACB86-99CC-427C-AF3B-39A6798E542D}.Debug|Any CPU.Build.0 = Debug|Any CPU
		{503ACB86-99CC-427C-AF3B-39A6798E542D}.Release|Any CPU.ActiveCfg = Release|Any CPU
		{503ACB86-99CC-427C-AF3B-39A6798E542D}.Release|Any CPU.Build.0 = Release|Any CPU
	EndGlobalSection
	GlobalSection(SolutionProperties) = preSolution
		HideSolutionNode = FALSE
	EndGlobalSection
	GlobalSection(ExtensibilityGlobals) = postSolution
		SolutionGuid = {4E5D5E48-DF1C-412A-862D-7F2428C80E72}
	EndGlobalSection
EndGlobal
